
Microsoft Visual Studio Solution File, Format Version 12.00
# Visual Studio Version 17
VisualStudioVersion = 17.0.32112.339
MinimumVisualStudioVersion = 10.0.40219.1
Project("{9A19103F-16F7-4668-BE54-9A1E7A4F7556}") = "MVCStartupTemplate", "MVCStartupTemplate\MVCStartupTemplate.csproj", "{1E0B5489-7079-4759-9558-21F6572F645F}"
EndProject
Global
	GlobalSection(SolutionConfigurationPlatforms) = preSolution
		Debug|Any CPU = Debug|Any CPU
		Release|Any CPU = Release|Any CPU
	EndGlobalSection
	GlobalSection(ProjectConfigurationPlatforms) = postSolution
		{1E0B5489-7079-4759-9558-21F6572F645F}.Debug|Any CPU.ActiveCfg = Debug|Any CPU
		{1E0B5489-7079-4759-9558-21F6572F645F}.Debug|Any CPU.Build.0 = Debug|Any CPU
		{1E0B5489-7079-4759-9558-21F6572F645F}.Release|Any CPU.ActiveCfg = Release|Any CPU
		{1E0B5489-7079-4759-9558-21F6572F645F}.Release|Any CPU.Build.0 = Release|Any CPU
	EndGlobalSection
	GlobalSection(SolutionProperties) = preSolution
		HideSolutionNode = FALSE
	EndGlobalSection
	GlobalSection(ExtensibilityGlobals) = postSolution
		SolutionGuid = {E1F412C2-0259-4FCA-AB1F-BA77CF7F5B71}
	EndGlobalSection
EndGlobal
